
Microsoft Visual Studio Solution File, Format Version 11.00
# Visual Studio 2010
Project("{8BC9CEB8-8B4A-11D0-8D11-00A0C91BC942}") = "asr_sample", "asr_sample\asr_sample.vcxproj", "{E904415A-08FB-4823-9E73-4114D7172804}"
EndProject
Project("{8BC9CEB8-8B4A-11D0-8D11-00A0C91BC942}") = "iat_sample", "iat_sample\iat_sample.vcxproj", "{C534D5D5-2393-4BF0-B6C2-9F28919DB119}"
EndProject
Project("{8BC9CEB8-8B4A-11D0-8D11-00A0C91BC942}") = "tts_sample", "tts_sample\tts_sample.vcxproj", "{25F4FA69-2A7A-41D0-9DD3-C16AA8BED155}"
EndProject
Global
	GlobalSection(TestCaseManagementSettings) = postSolution
		CategoryFile = samples.vsmdi
	EndGlobalSection
	GlobalSection(SolutionConfigurationPlatforms) = preSolution
		Debug|Win32 = Debug|Win32
		Debug|x64 = Debug|x64
		Release|Win32 = Release|Win32
		Release|x64 = Release|x64
	EndGlobalSection
	GlobalSection(ProjectConfigurationPlatforms) = postSolution
		{E904415A-08FB-4823-9E73-4114D7172804}.Debug|Win32.ActiveCfg = Debug|Win32
		{E904415A-08FB-4823-9E73-4114D7172804}.Debug|Win32.Build.0 = Debug|Win32
		{E904415A-08FB-4823-9E73-4114D7172804}.Debug|x64.ActiveCfg = Debug|x64
		{E904415A-08FB-4823-9E73-4114D7172804}.Debug|x64.Build.0 = Debug|x64
		{E904415A-08FB-4823-9E73-4114D7172804}.Release|Win32.ActiveCfg = Release|Win32
		{E904415A-08FB-4823-9E73-4114D7172804}.Release|Win32.Build.0 = Release|Win32
		{E904415A-08FB-4823-9E73-4114D7172804}.Release|x64.ActiveCfg = Release|x64
		{E904415A-08FB-4823-9E73-4114D7172804}.Release|x64.Build.0 = Release|x64
		{C534D5D5-2393-4BF0-B6C2-9F28919DB119}.Debug|Win32.ActiveCfg = Debug|Win32
		{C534D5D5-2393-4BF0-B6C2-9F28919DB119}.Debug|Win32.Build.0 = Debug|Win32
		{C534D5D5-2393-4BF0-B6C2-9F28919DB119}.Debug|x64.ActiveCfg = Debug|x64
		{C534D5D5-2393-4BF0-B6C2-9F28919DB119}.Debug|x64.Build.0 = Debug|x64
		{C534D5D5-2393-4BF0-B6C2-9F28919DB119}.Release|Win32.ActiveCfg = Release|Win32
		{C534D5D5-2393-4BF0-B6C2-9F28919DB119}.Release|Win32.Build.0 = Release|Win32
		{C534D5D5-2393-4BF0-B6C2-9F28919DB119}.Release|x64.ActiveCfg = Release|x64
		{C534D5D5-2393-4BF0-B6C2-9F28919DB119}.Release|x64.Build.0 = Release|x64
		{25F4FA69-2A7A-41D0-9DD3-C16AA8BED155}.Debug|Win32.ActiveCfg = Debug|Win32
		{25F4FA69-2A7A-41D0-9DD3-C16AA8BED155}.Debug|Win32.Build.0 = Debug|Win32
		{25F4FA69-2A7A-41D0-9DD3-C16AA8BED155}.Debug|x64.ActiveCfg = Debug|x64
		{25F4FA69-2A7A-41D0-9DD3-C16AA8BED155}.Debug|x64.Build.0 = Debug|x64
		{25F4FA69-2A7A-41D0-9DD3-C16AA8BED155}.Release|Win32.ActiveCfg = Release|Win32
		{25F4FA69-2A7A-41D0-9DD3-C16AA8BED155}.Release|Win32.Build.0 = Release|Win32
		{25F4FA69-2A7A-41D0-9DD3-C16AA8BED155}.Release|x64.ActiveCfg = Release|x64
		{25F4FA69-2A7A-41D0-9DD3-C16AA8BED155}.Release|x64.Build.0 = Release|x64
	EndGlobalSection
	GlobalSection(SolutionProperties) = preSolution
		HideSolutionNode = FALSE
	EndGlobalSection
EndGlobal
